github.com/DATA-DOG/go-sqlmock v1.4.1 h1:ThlnYciV1iM/V0OSF/dtkqWb6xo5qITT1TJBG1MRDJM=
github.com/DATA-DOG/go-sqlmock v1.4.1/go.mod h1:f/Ixk793poVmq4qj/V1dPUg2JEAKC73Q5eFN3EC/SaM=
github.com/Masterminds/semver/v3 v3.1.1 h1:hLg3sBzpNErnxhQtUy/mmLR2I9foDujNK030IGemrRc=
github.com/Masterminds/semver/v3 v3.1.1/go.mod h1:VPu/7SZ7ePZ3QOrcuXROw5FAcLl4a0cBrbBpGY/8hQs=
github.com/andybalholm/brotli v1.0.6 h1:Yf9fFpf49Zrxb9NlQaluyE92/+X7UVHlhMNJN2sxfOI=
github.com/andybalholm/brotli v1.0.6/go.mod h1:fO7iG3H7G2nSZ7m0zPUDn85XEX2GTukHGRSepvi9Eig=
github.com/aws/aws-sdk-go v1.47.9 h1:rarTsos0mA16q+huicGx0e560aYRtOucV5z2Mw23JRY=
github.com/aws/aws-sdk-go v1.47.9/go.mod h1:LF8svs817+Nz+DmiMQKTO3ubZ/6IaTpq3TjupRn3Eqk=
github.com/aws/aws-sdk-go-v2 v1.32.1 h1:8WuZ43ytA+TV6QEPT/R23mr7pWyI7bSSiEHdt9BS2Pw=
github.com/aws/aws-sdk-go-v2 v1.32.1/go.mod h1:2SK5n0a2karNTv5tbP1SjsX0uhttou00v/HpXKM1ZUo=
github.com/aws/aws-sdk-go-v2/config v1.27.41 h1:esG3WpmEuNJ6F4kVFLumN8nCfA5VBav1KKb3JPx83O4=
github.com/aws/aws-sdk-go-v2/config v1.27.41/go.mod h1:haUg09ebP+ClvPjU3EB/xe0HF9PguO19PD2fdjM2X14=
github.com/aws/aws-sdk-go-v2/credentials v1.17.39 h1:tmVexAhoGqJxNE2oc4/SJqL+Jz1x1iCPt5ts9XcqZCU=
github.com/aws/aws-sdk-go-v2/credentials v1.17.39/go.mod h1:zgOdbDI9epE608PdboJ87CYvPIejAgFevazeJW6iauQ=
github.com/aws/aws-sdk-go-v2/feature/dynamodb/attributevalue v1.15.11 h1:KdXWQVSclKWEl+cq7qhDBu+Te7VRnbJIYuxf2o3+FB0=
github.com/aws/aws-sdk-go-v2/feature/dynamodb/attributevalue v1.15.11/go.mod h1:pcZlMt78njbjHG+YdFbOwHO0Ig2pKI5EPy+ZWesaRK8=
github.com/aws/aws-sdk-go-v2/feature/dynamodb/expression v1.7.46 h1:SPqMiOkEpvx6LMImlQmsnhq6kZlXtdZt9fdsSpgSK48=
github.com/aws/aws-sdk-go-v2/feature/dynamodb/expression v1.7.46/go.mod h1:LYvafPob+eu7Di0Sea+Jz9MqVAFdgoE6kxiOL417YdI=
github.com/aws/aws-sdk-go-v2/feature/ec2/imds v1.16.15 h1:kGjlNc2IXXcxPDcfMyCshNCjVgxUhC/vTJv7NvC9wKk=
github.com/aws/aws-sdk-go-v2/feature/ec2/imds v1.16.15/go.mod h1:rk/HmqPo+dX0Uv0Q1+4w3QKFdICEGSsTYz1hRWvH8UI=
github.com/aws/aws-sdk-go-v2/internal/configsources v1.3.20 h1:OErdlGnt+hg3tTwGYAlKvFkKVUo/TXkoHcxDxuhYYU8=
github.com/aws/aws-sdk-go-v2/internal/configsources v1.3.20/go.mod h1:HsPfuL5gs+407ByRXBMgpYoyrV1sgMrzd18yMXQHJpo=
github.com/aws/aws-sdk-go-v2/internal/endpoints/v2 v2.6.20 h1:822cE1CYSwY/EZnErlF46pyynuxvf1p+VydHRQW+XNs=
github.com/aws/aws-sdk-go-v2/internal/endpoints/v2 v2.6.20/go.mod h1:79/Tn7H7hYC5Gjz6fbnOV4OeBpkao7E8Tv95RO72pMM=
github.com/aws/aws-sdk-go-v2/internal/ini v1.8.1 h1:VaRN3TlFdd6KxX1x3ILT5ynH6HvKgqdiXoTxAF4HQcQ=
github.com/aws/aws-sdk-go-v2/internal/ini v1.8.1/go.mod h1:FbtygfRFze9usAadmnGJNc8KsP346kEe+y2/oyhGAGc=
github.com/aws/aws-sdk-go-v2/service/appconfigdata v1.11.7 h1:LBDwNSnB1crC166T3JNydsZ/COPceP3RIEvFbrG3zOM=
github.com/aws/aws-sdk-go-v2/service/appconfigdata v1.11.7/go.mod h1:bEPSlURhZxm6uNx1GAAwKHjqsCm6GHrf13qXzoh/2A8=
github.com/aws/aws-sdk-go-v2/service/dynamodb v1.36.1 h1:xIRbdGAUUzYvRDYykaTjrvSLi+BAanRb2Gz8LGVceWc=
github.com/aws/aws-sdk-go-v2/service/dynamodb v1.36.1/go.mod h1:IuazCWUcfLkDRJ7iSAQhoT6yX5wO/C8Dqvm5YABlM/4=
github.com/aws/aws-sdk-go-v2/service/dynamodbstreams v1.24.1 h1:pnmujPlCcePLgPceOVhhMn4K0utKVAijpMccZ+TqpG0=
github.com/aws/aws-sdk-go-v2/service/dynamodbstreams v1.24.1/go.mod h1:lpj3eZ1Bc20SEqi+MK6sICd8Frq0sgpGsqfL/qJmVOw=
github.com/aws/aws-sdk-go-v2/service/glue v1.77.2 h1:PtbqVk21DQutGqn819k2tHQTTdSgLlBNLZdKL9DGd1Q=
github.com/aws/aws-sdk-go-v2/service/glue v1.77.2/go.mod h1:PSYOX0GZ1ybUnyfbQwb08MiKZdexrI1OYy3zb0pBvUM=
github.com/aws/aws-sdk-go-v2/service/internal/accept-encoding v1.12.0 h1:TToQNkvGguu209puTojY/ozlqy2d/SFNcoLIqTFi42g=
github.com/aws/aws-sdk-go-v2/service/internal/accept-encoding v1.12.0/go.mod h1:0jp+ltwkf+SwG2fm/PKo8t4y8pJSgOCO4D8Lz3k0aHQ=
github.com/aws/aws-sdk-go-v2/service/internal/endpoint-discovery v1.10.1 h1:uXvof+J/50x8i/mi70hHhoW6HpPTZJXuof0UlxXEW38=
github.com/aws/aws-sdk-go-v2/service/internal/endpoint-discovery v1.10.1/go.mod h1:f+z0ptuHfvJZiYnCxEoPkL9IQFzNgpiCoCEzkn1dam0=
github.com/aws/aws-sdk-go-v2/service/internal/presigned-url v1.12.0 h1:AdbiDUgQZmM28rDIZbiSwFxz8+3B94aOXxzs6oH+EA0=
github.com/aws/aws-sdk-go-v2/service/internal/presigned-url v1.12.0/go.mod h1:uV476Bd80tiDTX4X2redMtagQUg65aU/gzPojSJ4kSI=
github.com/aws/aws-sdk-go-v2/service/route53 v1.6.2 h1:OsggywXCk9iFKdu2Aopg3e1oJITIuyW36hA/B0rqupE=
github.com/aws/aws-sdk-go-v2/service/route53 v1.6.2/go.mod h1:ZnAMilx42P7DgIrdjlWCkNIGSBLzeyk6T31uB8oGTwY=
github.com/aws/aws-sdk-go-v2/service/sns v1.26.3 h1:nSgVs6B8jCHGRUd/4TxIPVgI7E3L7G3xggLLQToBpgs=
github.com/aws/aws-sdk-go-v2/service/sns v1.26.3/go.mod h1:xrqjXxgN9OqArD8PTYpo8SBS17IqD0Hmn9nTG08375U=
github.com/aws/aws-sdk-go-v2/service/sso v1.24.0 h1:71FvP6XFj53NK+YiAEGVzeiccLVeFnHOCvMig0zOHsE=
github.com/aws/aws-sdk-go-v2/service/sso v1.24.0/go.mod h1:UVJqtKXSd9YppRKgdBIkyv7qgbSGv5DchM3yX0BN2mU=
github.com/aws/aws-sdk-go-v2/service/ssooidc v1.28.0 h1:Uco4o19bi3AmBapImNzuMk+rfzlui52BDyVK1UfJeRA=
github.com/aws/aws-sdk-go-v2/service/ssooidc v1.28.0/go.mod h1:+HLFhCpnG08hBee8bUdfd1mBK+rFKPt4O5igR9lXDfk=
github.com/aws/aws-sdk-go-v2/service/sts v1.32.0 h1:GiQUjZM2KUZX68o/LpZ1xqxYMuvoxpRrOwYARYog3vc=
github.com/aws/aws-sdk-go-v2/service/sts v1.32.0/go.mod h1:dKnu7M4MAS2SDlng1ytxd03H+y0LoUfEQ5E2VaaSw/4=
github.com/aws/aws-xray-sdk-go v1.8.3 h1:S8GdgVncBRhzbNnNUgTPwhEqhwt2alES/9rLASyhxjU=
github.com/aws/aws-xray-sdk-go v1.8.3/go.mod h1:tv8uLMOSCABolrIF8YCcp3ghyswArsan8dfLCA1ZATk=
github.com/aws/smithy-go v1.22.0 h1:uunKnWlcoL3zO7q+gG2Pk53joueEOsnNB28QdMsmiMM=
github.com/aws/smithy-go v1.22.0/go.mod h1:irrKGvNn1InZwb2d7fkIRNucdfwR8R+Ts3wxYa/cJHg=
github.com/coreos/go-systemd/v22 v22.5.0/go.mod h1:Y58oyj3AT4RCenI/lSvhwexgC+NSVTIJ3seZv2GcEnc=
github.com/davecgh/go-spew v1.1.0/go.mod h1:J7Y8YcW2NihsgmVo/mv3lAwl/skON4iLHjSsI+c5H38=
github.com/davecgh/go-spew v1.1.1 h1:vj9j/u1bqnvCEfJOwUhtlOARqs3+rkHYY13jYWTU97c=
github.com/davecgh/go-spew v1.1.1/go.mod h1:J7Y8YcW2NihsgmVo/mv3lAwl/skON4iLHjSsI+c5H38=
github.com/go-logr/logr v1.4.1 h1:pKouT5E8xu9zeFC39JXRDukb6JFQPXM5p5I91188VAQ=
github.com/go-logr/logr v1.4.1/go.mod h1:9T104GzyrTigFIr8wt5mBrctHMim0Nb2HLGrmQ40KvY=
github.com/go-logr/zerologr v1.2.3 h1:up5N9vcH9Xck3jJkXzgyOxozT14R47IyDODz8LM1KSs=
github.com/go-logr/zerologr v1.2.3/go.mod h1:BxwGo7y5zgSHYR1BjbnHPyF/5ZjVKfKxAZANVu6E8Ho=
github.com/godbus/dbus/v5 v5.0.4/go.mod h1:xhWf0FNVPg57R7Z0UbKHbJfkEywrmjJnf7w5xrFpKfA=
github.com/golang/protobuf v1.5.0/go.mod h1:FsONVRAS9T7sI+LIUmWTfcYkHO4aIWwzhcaSAoJOfIk=
github.com/golang/protobuf v1.5.3 h1:KhyjKVUg7Usr/dYsdSqoFveMYd5ko72D+zANwlG1mmg=
github.com/golang/protobuf v1.5.3/go.mod h1:XVQd3VNwM+JqD3oG2Ue2ip4fOMUkwXdXDdiuN0vRsmY=
github.com/google/go-cmp v0.5.5/go.mod h1:v8dTdLbMG2kIc/vJvl+f65V22dbkXbowE6jgT/gNBxE=
github.com/google/go-cmp v0.6.0 h1:ofyhxvXcZhMsU5ulbFiLKl/XBFqE1GSq7atu8tAmTRI=
github.com/google/go-cmp v0.6.0/go.mod h1:17dUlkBOakJ0+DkrSSNjCkIjxS6bF9zb3elmeNGIjoY=
github.com/google/gofuzz v1.0.0/go.mod h1:dBl0BpW6vV/+mYPU4Po3pmUjxk6FQPldtuIdl/M65Eg=
github.com/google/uuid v1.6.0 h1:NIvaJDMOsjHA8n1jAhLSgzrAzy1Hgr+hNrb57e+94F0=
github.com/google/uuid v1.6.0/go.mod h1:TIyPZe4MgqvfeYDBFedMoGGpEw/LqOeaOT+nhxU+yHo=
github.com/grpc-ecosystem/go-grpc-middleware v1.3.0 h1:+9834+KizmvFV7pXQGSXQTsaWhq2GjuNUt0aUU0YBYw=
github.com/grpc-ecosystem/go-grpc-middleware v1.3.0/go.mod h1:z0ButlSOZa5vEBq9m2m2hlwIgKw+rp3sdCBRoJY+30Y=
github.com/hamba/avro/v2 v2.25.0 h1:9qig/K4VP5tMq6DuKGfI6YdXncTkPJT1IJDMSv82EeI=
github.com/hamba/avro/v2 v2.25.0/go.mod h1:I8glyswHnpED3Nlx2ZdUe+4LJnCOOyiCzLMno9i/Uu0=
github.com/jmespath/go-jmespath v0.4.0 h1:BEgLn5cpjn8UN1mAw4NjwDrS35OdebyEtFe+9YPoQUg=
github.com/jmespath/go-jmespath v0.4.0/go.mod h1:T8mJZnbsbmF+m6zOOFylbeCJqk5+pHWvzYPziyZiYoo=
github.com/jmespath/go-jmespath/internal/testify v1.5.1 h1:shLQSRRSCCPj3f2gpwzGwWFoC7ycTf1rcQZHOlsJ6N8=
github.com/jmespath/go-jmespath/internal/testify v1.5.1/go.mod h1:L3OGu8Wl2/fWfCI6z80xFu9LTZmf1ZRjMHUOPmWr69U=
github.com/json-iterator/go v1.1.12 h1:PV8peI4a0ysnczrg+LtxykD8LfKY9ML6u2jnxaEnrnM=
github.com/json-iterator/go v1.1.12/go.mod h1:e30LSqwooZae/UwlEbR2852Gd8hjQvJoHmT4TnhNGBo=
github.com/klauspost/compress v1.17.9 h1:6KIumPrER1LHsvBVuDa0r5xaG0Es51mhhB9BQB2qeMA=
github.com/klauspost/compress v1.17.9/go.mod h1:Di0epgTjJY877eYKx5yC51cX2A2Vl2ibi7bDH9ttBbw=
github.com/ln80/privacy-engine v0.0.0-20240921175436-c37fd501bf36 h1:+kMrGtMlnaKi8LX2W/zjWpdewGNMeQbJDnbenNRJPug=
github.com/ln80/privacy-engine v0.0.0-20240921175436-c37fd501bf36/go.mod h1:leIxX0qq1fMDw1s+fgLiiY9ZmD59HcoboTsNkR8kdfA=
github.com/ln80/struct-sensitive v0.5.0 h1:3YuadRJPerwDzlK9cwDKu7KrhWYcQIIwmvzPho4Im8I=
github.com/ln80/struct-sensitive v0.5.0/go.mod h1:NG34sLSsqyyDodbcOI7VUWtK0AR1mt6dhBVdiHg3GSs=
github.com/mattn/go-colorable v0.1.13 h1:fFA4WZxdEF4tXPZVKMLwD8oUnCTTo08duU7wxecdEvA=
github.com/mattn/go-colorable v0.1.13/go.mod h1:7S9/ev0klgBDR4GtXTXX8a3vIGJpMovkB8vQcUbaXHg=
github.com/mattn/go-isatty v0.0.16/go.mod h1:kYGgaQfpe5nmfYZH+SKPsOc2e4SrIfOl2e/yFXSvRLM=
github.com/mattn/go-isatty v0.0.19/go.mod h1:W+V8PltTTMOvKvAeJH7IuucS94S2C6jfK/D7dTCTo3Y=
github.com/mattn/go-isatty v0.0.20 h1:xfD0iDuEKnDkl03q4limB+vH+GxLEtL/jb4xVJSWWEY=
github.com/mattn/go-isatty v0.0.20/go.mod h1:W+V8PltTTMOvKvAeJH7IuucS94S2C6jfK/D7dTCTo3Y=
github.com/mitchellh/copystructure v1.2.0 h1:vpKXTN4ewci03Vljg/q9QvCGUDttBOGBIa15WveJJGw=
github.com/mitchellh/copystructure v1.2.0/go.mod h1:qLl+cE2AmVv+CoeAwDPye/v+N2HKCj9FbZEVFJRxO9s=
github.com/mitchellh/mapstructure v1.5.0 h1:jeMsZIYE/09sWLaz43PL7Gy6RuMjD2eJVyuac5Z2hdY=
github.com/mitchellh/mapstructure v1.5.0/go.mod h1:bFUtVrKA4DC2yAKiSyO/QUcy7e+RRV2QTWOzhPopBRo=
github.com/mitchellh/reflectwalk v1.0.2 h1:G2LzWKi524PWgd3mLHV8Y5k7s6XUvT0Gef6zxSIeXaQ=
github.com/mitchellh/reflectwalk v1.0.2/go.mod h1:mSTlrgnPZtwu0c4WaC2kGObEpuNDbx0jmZXqmk4esnw=
github.com/modern-go/concurrent v0.0.0-20180228061459-e0a39a4cb421/go.mod h1:6dJC0mAP4ikYIbvyc7fijjWJddQyLn8Ig3JB5CqoB9Q=
github.com/modern-go/concurrent v0.0.0-20180306012644-bacd9c7ef1dd h1:TRLaZ9cD/w8PVh93nsPXa1VrQ6jlwL5oN8l14QlcNfg=
github.com/modern-go/concurrent v0.0.0-20180306012644-bacd9c7ef1dd/go.mod h1:6dJC0mAP4ikYIbvyc7fijjWJddQyLn8Ig3JB5CqoB9Q=
github.com/modern-go/reflect2 v1.0.2 h1:xBagoLtFs94CBntxluKeaWgTMpvLxC4ur3nMaC9Gz0M=
github.com/modern-go/reflect2 v1.0.2/go.mod h1:yWuevngMOJpCy52FWWMvUC8ws7m/LJsjYzDa0/r8luk=
github.com/pkg/errors v0.9.1 h1:FEBLx1zS214owpjy7qsBeixbURkuhQAwrK5UwLGTwt4=
github.com/pkg/errors v0.9.1/go.mod h1:bwawxfHBFNV+L2hUp1rHADufV3IMtnDRdf1r5NINEl0=
github.com/pmezard/go-difflib v1.0.0 h1:4DBwDE0NGyQoBHbLQYPwSUPoCMWR5BEzIk/f1lZbAQM=
github.com/pmezard/go-difflib v1.0.0/go.mod h1:iKH77koFhYxTK1pcRnkKkqfTogsbg7gZNVY4sRDYZ/4=
github.com/rs/xid v1.5.0 h1:mKX4bl4iPYJtEIxp6CYiUuLQ/8DYMoz0PUdtGgMFRVc=
github.com/rs/xid v1.5.0/go.mod h1:trrq9SKmegXys3aeAKXMUTdJsYXVwGY3RLcfgqegfbg=
github.com/rs/zerolog v1.32.0 h1:keLypqrlIjaFsbmJOBdB/qvyF8KEtCWHwobLp5l/mQ0=
github.com/rs/zerolog v1.32.0/go.mod h1:/7mN4D5sKwJLZQ2b/znpjC3/GQWY/xaDXUM0kKWRHss=
github.com/sanity-io/litter v1.5.5 h1:iE+sBxPBzoK6uaEP5Lt3fHNgpKcHXc/A2HGETy0uJQo=
github.com/sanity-io/litter v1.5.5/go.mod h1:9gzJgR2i4ZpjZHsKvUXIRQVk7P+yM3e+jAF7bU2UI5U=
github.com/stretchr/objx v0.1.0/go.mod h1:HFkY916IF+rwdDfMAkV7OtwuqBVzrE8GR6GFx+wExME=
github.com/stretchr/testify v1.3.0/go.mod h1:M5WIy9Dh21IEIfnGCwXGc5bZfKNJtfHm1UVUgZn+9EI=
github.com/stretchr/testify v1.9.0 h1:HtqpIVDClZ4nwg75+f6Lvsy/wHu+3BoSGCbBAcpTsTg=
github.com/stretchr/testify v1.9.0/go.mod h1:r2ic/lqez/lEtzL7wO/rwa5dbSLXVDPFyf8C91i36aY=
github.com/valyala/bytebufferpool v1.0.0 h1:GqA5TC/0021Y/b9FG4Oi9Mr3q7XYx6KllzawFIhcdPw=
github.com/valyala/bytebufferpool v1.0.0/go.mod h1:6bBcMArwyJ5K/AmCkWv1jt77kVWyCJ6HpOuEn7z0Csc=
github.com/valyala/fasthttp v1.50.0 h1:H7fweIlBm0rXLs2q0XbalvJ6r0CUPFWK3/bB4N13e9M=
github.com/valyala/fasthttp v1.50.0/go.mod h1:k2zXd82h/7UZc3VOdJ2WaUqt1uZ/XpXAfE9i+HBC3lA=
golang.org/x/net v0.28.0 h1:a9JDOJc5GMUJ0+UDqmLT86WiEy7iWyIhz8gz8E4e5hE=
golang.org/x/net v0.28.0/go.mod h1:yqtgsTWOOnlGLG9GFRrK3++bGOUEkNBoHZc8MEDWPNg=
golang.org/x/sys v0.0.0-20220811171246-fbc7d0a398ab/go.mod h1:oPkhp1MJrh7nUepCBck5+mAzfO9JrbApNNgaTdGDITg=
golang.org/x/sys v0.6.0/go.mod h1:oPkhp1MJrh7nUepCBck5+mAzfO9JrbApNNgaTdGDITg=
golang.org/x/sys v0.12.0/go.mod h1:oPkhp1MJrh7nUepCBck5+mAzfO9JrbApNNgaTdGDITg=
golang.org/x/sys v0.23.0 h1:YfKFowiIMvtgl1UERQoTPPToxltDeZfbj4H7dVUCwmM=
golang.org/x/sys v0.23.0/go.mod h1:/VUhepiaJMQUp4+oa/7Zr1D23ma6VTLIYjOOTFZPUcA=
golang.org/x/text v0.17.0 h1:XtiM5bkSOt+ewxlOE/aE/AKEHibwj/6gvWMl9Rsh0Qc=
golang.org/x/text v0.17.0/go.mod h1:BuEKDfySbSR4drPmRPG/7iBdf8hvFMuRexcpahXilzY=
golang.org/x/xerrors v0.0.0-20191204190536-9bdfabe68543/go.mod h1:I/5z698sn9Ka8TeJc9MKroUUfqBBauWjQqLJ2OPfmY0=
google.golang.org/genproto/googleapis/rpc v0.0.0-20231120223509-83a465c0220f h1:ultW7fxlIvee4HYrtnaRPon9HpEgFk5zYpmfMgtKB5I=
google.golang.org/genproto/googleapis/rpc v0.0.0-20231120223509-83a465c0220f/go.mod h1:L9KNLi232K1/xB6f7AlSX692koaRnKaWSR0stBki0Yc=
google.golang.org/grpc v1.59.0 h1:Z5Iec2pjwb+LEOqzpB2MR12/eKFhDPhuqW91O+4bwUk=
google.golang.org/grpc v1.59.0/go.mod h1:aUPDwccQo6OTjy7Hct4AfBPD1GptF4fyUjIkQ9YtF98=
google.golang.org/protobuf v1.26.0-rc.1/go.mod h1:jlhhOSvTdKEhbULTjvd4ARK9grFBp09yW+WbY/TyQbw=
google.golang.org/protobuf v1.26.0/go.mod h1:9q0QmTI4eRPtz6boOQmLYwt+qCgq0jsYwAQnmE0givc=
google.golang.org/protobuf v1.31.0 h1:g0LDEJHgrBl9N9r17Ru3sqWhkIx2NB67okBHPwC7hs8=
google.golang.org/protobuf v1.31.0/go.mod h1:HV8QOd/L58Z+nl8r43ehVNZIU/HEI6OcFqwMG9pJV4I=
gopkg.in/check.v1 v0.0.0-20161208181325-20d25e280405/go.mod h1:Co6ibVJAznAaIkqp8huTwlJQCZ016jof/cbN4VW5Yz0=
gopkg.in/yaml.v2 v2.2.8/go.mod h1:hI93XBmqTisBFMUTm0b8Fm+jr3Dg1NNxqwp+5A1VGuI=
gopkg.in/yaml.v2 v2.4.0 h1:D8xgwECY7CYvx+Y2n4sBz93Jn9JRvxdiyyo8CTfuKaY=
gopkg.in/yaml.v2 v2.4.0/go.mod h1:RDklbk79AGWmwhnvt/jBztapEOGDOx6ZbXqjP6csGnQ=
gopkg.in/yaml.v3 v3.0.1 h1:fxVm/GzAzEWqLHuvctI91KS9hhNmmWOoWu0XTYJS7CA=
gopkg.in/yaml.v3 v3.0.1/go.mod h1:K4uyk7z7BCEPqu6E+C64Yfv1cQ7kz7rIZviUmN+EgEM=
