github.com/BurntSushi/toml v0.3.1/go.mod h1:xHWCNGjB5oqiDr8zfno3MHue2Ht5sIBksp03qcyfWMU=
github.com/aws/aws-lambda-go v1.28.0 h1:fZiik1PZqW2IyAN4rj+Y0UBaO1IDFlsNo9Zz/XnArK4=
github.com/aws/aws-lambda-go v1.28.0/go.mod h1:jJmlefzPfGnckuHdXX7/80O3BvUUi12XOkbv4w9SGLU=
github.com/aws/aws-lambda-go v1.41.0 h1:l/5fyVb6Ud9uYd411xdHZzSf2n86TakxzpvIoz7l+3Y=
github.com/aws/aws-lambda-go v1.41.0/go.mod h1:jwFe2KmMsHmffA1X2R09hH6lFzJQxzI8qK17ewzbQMM=
github.com/aws/aws-sdk-go-v2 v1.16.4/go.mod h1:ytwTPBG6fXTZLxxeeCCWj2/EMYp/xDUgX+OET6TLNNU=
github.com/aws/aws-sdk-go-v2 v1.16.7/go.mod h1:6CpKuLXg2w7If3ABZCl/qZ6rEgwtjZTn4eAf4RcEyuw=
github.com/aws/aws-sdk-go-v2 v1.21.0/go.mod h1:/RfNgGmRxI+iFOB1OeJUyxiU+9s88k3pfHvDagGEp0M=
github.com/aws/aws-sdk-go-v2 v1.21.2/go.mod h1:ErQhvNuEMhJjweavOYhxVkn2RUx7kQXVATHrjKtxIpM=
github.com/aws/aws-sdk-go-v2 v1.23.4 h1:2P20ZjH0ouSAu/6yZep8oCmTReathLuEu6dwoqEgjts=
github.com/aws/aws-sdk-go-v2 v1.23.5 h1:xK6C4udTyDMd82RFvNkDQxtAd00xlzFUtX4fF2nMZyg=
github.com/aws/aws-sdk-go-v2 v1.23.5/go.mod h1:t3szzKfP0NeRU27uBFczDivYJjsmSnqI8kIvKyWb9ds=
github.com/aws/aws-sdk-go-v2/config v1.15.8 h1:Mk9aPT1JiPkhZO9PIP1w2ramuRw95d9w5YNOM3poTKk=
github.com/aws/aws-sdk-go-v2/config v1.15.8/go.mod h1:Z/guryqWzLw1T3pJbFA0/V3aVXw0sX5oH4lXXiD67aY=
github.com/aws/aws-sdk-go-v2/config v1.25.12 h1:mF4cMuNh/2G+d19nWnm1vJ/ak0qK6SbqF0KtSX9pxu0=
github.com/aws/aws-sdk-go-v2/config v1.25.12/go.mod h1:lOvvqtZP9p29GIjOTuA/76HiVk0c/s8qRcFRq2+E2uc=
github.com/aws/aws-sdk-go-v2/credentials v1.12.3 h1:1kPx2lGjvopx7IMqKFmqmhqcuDZQ7pvq9xNXPP5c6qo=
github.com/aws/aws-sdk-go-v2/credentials v1.12.3/go.mod h1:p6/NGiaGKKM3ihOt/W08Ikz7/F95WhvgjA4x6MWKdS8=
github.com/aws/aws-sdk-go-v2/credentials v1.16.10 h1:VmRkuoKaGl2ZDNGkkRQgw80Hxj1Bb9a+bsT5shqlCwo=
github.com/aws/aws-sdk-go-v2/credentials v1.16.10/go.mod h1:WEn22lpd50buTs/TDqywytW5xQ2zPOMbYipIlqI6xXg=
github.com/aws/aws-sdk-go-v2/feature/dynamodb/attributevalue v1.9.6 h1:vlEfSyZ2pZjOZe7zsPIAFem17w2HeeFULk7TPVWoDR4=
github.com/aws/aws-sdk-go-v2/feature/dynamodb/attributevalue v1.9.6/go.mod h1:+/KXTIzLmrjdlQVgiE14/jhy9GyDZnmMGQoykod99Lw=
github.com/aws/aws-sdk-go-v2/feature/dynamodb/attributevalue v1.12.10 h1:wIRxn4G7ToraGJECmCPmKF4pF10epn1atQWxRKox8wo=
github.com/aws/aws-sdk-go-v2/feature/dynamodb/attributevalue v1.12.10/go.mod h1:WzHqtfW40CjDkmypb+dFTjdh1UP8776FObxuuNUDyag=
github.com/aws/aws-sdk-go-v2/feature/ec2/imds v1.12.5 h1:YPxclBeE07HsLQE8vtjC8T2emcTjM9nzqsnDi2fv5UM=
github.com/aws/aws-sdk-go-v2/feature/ec2/imds v1.12.5/go.mod h1:WAPnuhG5IQ/i6DETFl5NmX3kKqCzw7aau9NHAGcm4QE=
github.com/aws/aws-sdk-go-v2/feature/ec2/imds v1.14.9 h1:FZVFahMyZle6WcogZCOxo6D/lkDA2lqKIn4/ueUmVXw=
github.com/aws/aws-sdk-go-v2/feature/ec2/imds v1.14.9/go.mod h1:kjq7REMIkxdtcEC9/4BVXjOsNY5isz6jQbEgk6osRTU=
github.com/aws/aws-sdk-go-v2/internal/configsources v1.1.11/go.mod h1:tmUB6jakq5DFNcXsXOA/ZQ7/C8VnSKYkx58OI7Fh79g=
github.com/aws/aws-sdk-go-v2/internal/configsources v1.1.14/go.mod h1:kdjrMwHwrC3+FsKhNcCMJ7tUVj/8uSD5CZXeQ4wV6fM=
github.com/aws/aws-sdk-go-v2/internal/configsources v1.1.41/go.mod h1:CrObHAuPneJBlfEJ5T3szXOUkLEThaGfvnhTf33buas=
github.com/aws/aws-sdk-go-v2/internal/configsources v1.1.43/go.mod h1:auo+PiyLl0n1l8A0e8RIeR8tOzYPfZZH/JNlrJ8igTQ=
github.com/aws/aws-sdk-go-v2/internal/configsources v1.2.7 h1:eMqD7ku6WGdmcWWXPYun9m6yk6feSULLhJlAtN6rYG4=
github.com/aws/aws-sdk-go-v2/internal/configsources v1.2.8 h1:8GVZIR0y6JRIUNSYI1xAMF4HDfV8H/bOsZ/8AD/uY5Q=
github.com/aws/aws-sdk-go-v2/internal/configsources v1.2.8/go.mod h1:rwBfu0SoUkBUZndVgPZKAD9Y2JigaZtRP68unRiYToQ=
github.com/aws/aws-sdk-go-v2/internal/endpoints/v2 v2.4.5/go.mod h1:fV1AaS2gFc1tM0RCb015FJ0pvWVUfJZANzjwoO4YakM=
github.com/aws/aws-sdk-go-v2/internal/endpoints/v2 v2.4.8/go.mod h1:ZIV8GYoC6WLBW5KGs+o4rsc65/ozd+eQ0L31XF5VDwk=
github.com/aws/aws-sdk-go-v2/internal/endpoints/v2 v2.4.35/go.mod h1:SJC1nEVVva1g3pHAIdCp7QsRIkMmLAgoDquQ9Rr8kYw=
github.com/aws/aws-sdk-go-v2/internal/endpoints/v2 v2.4.37/go.mod h1:Qe+2KtKml+FEsQF/DHmDV+xjtche/hwoF75EG4UlHW8=
github.com/aws/aws-sdk-go-v2/internal/endpoints/v2 v2.5.7 h1:+XYhWhgWs5F3Zx8oa49CXzNvfXrItaDjZB/M172fcHQ=
github.com/aws/aws-sdk-go-v2/internal/endpoints/v2 v2.5.8 h1:ZE2ds/qeBkhk3yqYvS3CDCFNvd9ir5hMjlVStLZWrvM=
github.com/aws/aws-sdk-go-v2/internal/endpoints/v2 v2.5.8/go.mod h1:/lAPPymDYL023+TS6DJmjuL42nxix2AvEvfjqOBRODk=
github.com/aws/aws-sdk-go-v2/internal/ini v1.3.12 h1:j0VqrjtgsY1Bx27tD0ysay36/K4kFMWRp9K3ieO9nLU=
github.com/aws/aws-sdk-go-v2/internal/ini v1.3.12/go.mod h1:00c7+ALdPh4YeEUPXJzyU0Yy01nPGOq2+9rUaz05z9g=
github.com/aws/aws-sdk-go-v2/internal/ini v1.7.1 h1:uR9lXYjdPX0xY+NhvaJ4dD8rpSRz5VY81ccIIoNG+lw=
github.com/aws/aws-sdk-go-v2/internal/ini v1.7.1/go.mod h1:6fQQgfuGmw8Al/3M2IgIllycxV7ZW7WCdVSqfBeUiCY=
github.com/aws/aws-sdk-go-v2/service/cloudformation v1.35.0 h1:2wmiMFK1XlNNvc3xDosz2nKotsWac99jJqbYm92gMVc=
github.com/aws/aws-sdk-go-v2/service/cloudformation v1.35.0/go.mod h1:EV06EPuSb3m40bD1suX/QSj3o161aG/6Wwbodk2vqzA=
github.com/aws/aws-sdk-go-v2/service/cloudformation v1.42.2 h1:Sj4lRzJIHJxInrHECENGWws9rbRhaQ/YJ8Yf3dnh4SM=
github.com/aws/aws-sdk-go-v2/service/cloudformation v1.42.2/go.mod h1:ehWDbgXo5Zy6eLjP+xX+Vf8wXaSyLGeRf6KlvoVAaXk=
github.com/aws/aws-sdk-go-v2/service/dynamodb v1.15.9 h1:QTPDno4J5TyfpPi3dqCZpD+y7wbHtHhUQwnNGUHUGvg=
github.com/aws/aws-sdk-go-v2/service/dynamodb v1.15.9/go.mod h1:Req/32OLRbXpPX5TxHkwf2Ln9qclJCV6n1S7v0v+FWo=
github.com/aws/aws-sdk-go-v2/service/dynamodb v1.26.4 h1:7l4oWgGf+QH1PNCTrUe0wM1xI7PliuYGZ2abl8TFaHU=
github.com/aws/aws-sdk-go-v2/service/dynamodb v1.26.4/go.mod h1:qqiIi0EbEEovHG/nQXYGAXcVvHPaUg7KMwh3VARzQz4=
github.com/aws/aws-sdk-go-v2/service/dynamodbstreams v1.13.9 h1:5wt4xEuHFV6ymSb19N0+T9iPYs9TqzHW2Sz4p3bKAlA=
github.com/aws/aws-sdk-go-v2/service/dynamodbstreams v1.13.9/go.mod h1:Meb0gqL2SgBbh3xHtcak5GPJDZ1QGwRcGPEo7w1G2vg=
github.com/aws/aws-sdk-go-v2/service/dynamodbstreams v1.18.3 h1:PF1iBvQgim4FAkmUcC7CSCcQstmVdNbn7J4uQERLpdo=
github.com/aws/aws-sdk-go-v2/service/dynamodbstreams v1.18.3/go.mod h1:Wkk+2ZcFVCqnuf/yXjvSlySsoy5l2RSFfv/ikosEv3M=
github.com/aws/aws-sdk-go-v2/service/glue v1.72.0 h1:oZAjRTwF9ieqBpB4wp7Td7b+7V02yikB6IfTnJar/ys=
github.com/aws/aws-sdk-go-v2/service/glue v1.72.2 h1:UycmA+N8U3ChkVomTwJtYvED/Zhlq87fLisTJLC5TJs=
github.com/aws/aws-sdk-go-v2/service/glue v1.72.2/go.mod h1:51f4x/H0ZL9xmbKYFwlRGtreHNorDXynl6VuQpBHOb4=
github.com/aws/aws-sdk-go-v2/service/internal/accept-encoding v1.9.3 h1:4n4KCtv5SUoT5Er5XV41huuzrCqepxlW3SDI9qHQebc=
github.com/aws/aws-sdk-go-v2/service/internal/accept-encoding v1.9.3/go.mod h1:gkb2qADY+OHaGLKNTYxMaQNacfeyQpZ4csDTQMeFmcw=
github.com/aws/aws-sdk-go-v2/service/internal/accept-encoding v1.10.3 h1:e3PCNeEaev/ZF01cQyNZgmYE9oYYePIMJs2mWSKG514=
github.com/aws/aws-sdk-go-v2/service/internal/accept-encoding v1.10.3/go.mod h1:gIeeNyaL8tIEqZrzAnTeyhHcE0yysCtcaP+N9kxLZ+E=
github.com/aws/aws-sdk-go-v2/service/internal/endpoint-discovery v1.7.8 h1:x4I8/XPnHOV+1BzZfaqRb8QfrY6AK7bKmEbHVwyctXo=
github.com/aws/aws-sdk-go-v2/service/internal/endpoint-discovery v1.7.8/go.mod h1:xfchFk5f70DzZZaH/QYaqMLF+PDH/fg7gGbkIeeaMJM=
github.com/aws/aws-sdk-go-v2/service/internal/endpoint-discovery v1.8.9 h1:Vn/qqsXxe3JEALfoU6ypVt86fb811wKqv4kdxvAUk/Q=
github.com/aws/aws-sdk-go-v2/service/internal/endpoint-discovery v1.8.9/go.mod h1:TQYzeHkuQrsz/AsxxK96CYJO4KRd4E6QozqktOR2h3w=
github.com/aws/aws-sdk-go-v2/service/internal/presigned-url v1.9.5 h1:gRW1ZisKc93EWEORNJRvy/ZydF3o6xLSveJHdi1Oa0U=
github.com/aws/aws-sdk-go-v2/service/internal/presigned-url v1.9.5/go.mod h1:ZbkttHXaVn3bBo/wpJbQGiiIWR90eTBUVBrEHUEQlho=
github.com/aws/aws-sdk-go-v2/service/internal/presigned-url v1.10.8 h1:EamsKe+ZjkOQjDdHd86/JCEucjFKQ9T0atWKO4s2Lgs=
github.com/aws/aws-sdk-go-v2/service/internal/presigned-url v1.10.8/go.mod h1:Q0vV3/csTpbkfKLI5Sb56cJQTCTtJ0ixdb7P+Wedqiw=
github.com/aws/aws-sdk-go-v2/service/sns v1.21.5 h1:KI6xffjUcP3KgpJEtKefQL8B7AXFqyAXkVw8SyvT/o8=
github.com/aws/aws-sdk-go-v2/service/sns v1.21.5/go.mod h1:eEjNDG7Y1BH7Ci9qKVH2L02se84z5GPCqXKcqEUpnXg=
github.com/aws/aws-sdk-go-v2/service/sns v1.26.3 h1:nSgVs6B8jCHGRUd/4TxIPVgI7E3L7G3xggLLQToBpgs=
github.com/aws/aws-sdk-go-v2/service/sns v1.26.3/go.mod h1:xrqjXxgN9OqArD8PTYpo8SBS17IqD0Hmn9nTG08375U=
github.com/aws/aws-sdk-go-v2/service/sqs v1.24.7 h1:NZhGz9eHNTLPK9Bhq3wrRSUIu9BqcjWzC8UNK6MwUfI=
github.com/aws/aws-sdk-go-v2/service/sqs v1.24.7/go.mod h1:iWb2iGUERRXX3kEyKVtkjuMOW2YkDBcuhKCp5y37ys0=
github.com/aws/aws-sdk-go-v2/service/sqs v1.29.3 h1:l4llGwoF3wWh90bxIFSqCqp9gFRnF8UzqAgJ+A43U2U=
github.com/aws/aws-sdk-go-v2/service/sqs v1.29.3/go.mod h1:enJbiMvMXQCop6h23PU+Q1bJiDPUqnLj670Bm1zjdLM=
github.com/aws/aws-sdk-go-v2/service/sso v1.11.6 h1:AnTIdD439WgYNyVldYlpccGWY2EIXoUNmVzTDbFqCsg=
github.com/aws/aws-sdk-go-v2/service/sso v1.11.6/go.mod h1:TFVe6Rr2joVLsYQ1ABACXgOC6lXip/qpX2x5jWg/A9w=
github.com/aws/aws-sdk-go-v2/service/sso v1.18.3 h1:wKspi1zc2ZVcgZEu3k2Mt4zGKQSoZTftsoUTLsYPcVo=
github.com/aws/aws-sdk-go-v2/service/sso v1.18.3/go.mod h1:zxk6y1X2KXThESWMS5CrKRvISD8mbIMab6nZrCGxDG0=
github.com/aws/aws-sdk-go-v2/service/ssooidc v1.21.3 h1:CxAHBS0BWSUqI7qzXHc2ZpTeHaM9JNnWJ9BN6Kmo2CY=
github.com/aws/aws-sdk-go-v2/service/ssooidc v1.21.3/go.mod h1:7Lt5mjQ8x5rVdKqg+sKKDeuwoszDJIIPmkd8BVsEdS0=
github.com/aws/aws-sdk-go-v2/service/sts v1.16.6 h1:aYToU0/iazkMY67/BYLt3r6/LT/mUtarLAF5mGof1Kg=
github.com/aws/aws-sdk-go-v2/service/sts v1.16.6/go.mod h1:rP1rEOKAGZoXp4iGDxSXFvODAtXpm34Egf0lL0eshaQ=
github.com/aws/aws-sdk-go-v2/service/sts v1.26.3 h1:KfREzajmHCSYjCaMRtdLr9boUMA7KPpoPApitPlbNeo=
github.com/aws/aws-sdk-go-v2/service/sts v1.26.3/go.mod h1:7Ld9eTqocTvJqqJ5K/orbSDwmGcpRdlDiLjz2DO+SL8=
github.com/aws/smithy-go v1.11.2/go.mod h1:3xHYmszWVx2c0kIwQeEVf9uSm4fYZt67FBJnwub1bgM=
github.com/aws/smithy-go v1.12.0/go.mod h1:Tg+OJXh4MB2R/uN61Ko2f6hTZwB/ZYGOtib8J3gBHzA=
github.com/aws/smithy-go v1.14.2/go.mod h1:Tg+OJXh4MB2R/uN61Ko2f6hTZwB/ZYGOtib8J3gBHzA=
github.com/aws/smithy-go v1.15.0/go.mod h1:Tg+OJXh4MB2R/uN61Ko2f6hTZwB/ZYGOtib8J3gBHzA=
github.com/aws/smithy-go v1.18.1 h1:pOdBTUfXNazOlxLrgeYalVnuTpKreACHtc62xLwIB3c=
github.com/aws/smithy-go v1.18.1/go.mod h1:NukqUGpCZIILqqiV0NIjeFh24kd/FAa4beRb6nbIUPE=
github.com/cpuguy83/go-md2man/v2 v2.0.0-20190314233015-f79a8a8ca69d/go.mod h1:maD7wRr/U5Z6m/iR4s+kqSMx2CaBsrgA7czyZG/E6dU=
github.com/cpuguy83/go-md2man/v2 v2.0.0/go.mod h1:maD7wRr/U5Z6m/iR4s+kqSMx2CaBsrgA7czyZG/E6dU=
github.com/davecgh/go-spew v1.1.0/go.mod h1:J7Y8YcW2NihsgmVo/mv3lAwl/skON4iLHjSsI+c5H38=
github.com/davecgh/go-spew v1.1.1 h1:vj9j/u1bqnvCEfJOwUhtlOARqs3+rkHYY13jYWTU97c=
github.com/davecgh/go-spew v1.1.1/go.mod h1:J7Y8YcW2NihsgmVo/mv3lAwl/skON4iLHjSsI+c5H38=
github.com/google/go-cmp v0.5.7/go.mod h1:n+brtR0CgQNWTVd5ZUFpTBC8YFBDLK/h/bpaJ8/DtOE=
github.com/google/go-cmp v0.5.8 h1:e6P7q2lk1O+qJJb4BtCQXlK8vWEO8V1ZeuEdJNOqZyg=
github.com/google/go-cmp v0.5.8/go.mod h1:17dUlkBOakJ0+DkrSSNjCkIjxS6bF9zb3elmeNGIjoY=
github.com/jmespath/go-jmespath v0.4.0 h1:BEgLn5cpjn8UN1mAw4NjwDrS35OdebyEtFe+9YPoQUg=
github.com/jmespath/go-jmespath v0.4.0/go.mod h1:T8mJZnbsbmF+m6zOOFylbeCJqk5+pHWvzYPziyZiYoo=
github.com/jmespath/go-jmespath/internal/testify v1.5.1 h1:shLQSRRSCCPj3f2gpwzGwWFoC7ycTf1rcQZHOlsJ6N8=
github.com/jmespath/go-jmespath/internal/testify v1.5.1/go.mod h1:L3OGu8Wl2/fWfCI6z80xFu9LTZmf1ZRjMHUOPmWr69U=
github.com/pmezard/go-difflib v1.0.0 h1:4DBwDE0NGyQoBHbLQYPwSUPoCMWR5BEzIk/f1lZbAQM=
github.com/pmezard/go-difflib v1.0.0/go.mod h1:iKH77koFhYxTK1pcRnkKkqfTogsbg7gZNVY4sRDYZ/4=
github.com/russross/blackfriday/v2 v2.0.1/go.mod h1:+Rmxgy9KzJVeS9/2gXHxylqXiyQDYRxCVz55jmeOWTM=
github.com/shurcooL/sanitized_anchor_name v1.0.0/go.mod h1:1NzhyTcUVG4SuEtjjoZeVRXNmyL/1OwPU0+IJeTBvfc=
github.com/stretchr/objx v0.1.0/go.mod h1:HFkY916IF+rwdDfMAkV7OtwuqBVzrE8GR6GFx+wExME=
github.com/stretchr/objx v0.4.0/go.mod h1:YvHI0jy2hoMjB+UWwv71VJQ9isScKT/TqJzVSSt89Yw=
github.com/stretchr/objx v0.5.0 h1:1zr/of2m5FGMsad5YfcqgdqdWrIhu+EBEJRhR1U7z/c=
github.com/stretchr/objx v0.5.0/go.mod h1:Yh+to48EsGEfYuaHDzXPcE3xhTkx73EhmCGUpEOglKo=
github.com/stretchr/testify v1.6.1/go.mod h1:6Fq8oRcR53rry900zMqJjRRixrwX3KX962/h/Wwjteg=
github.com/stretchr/testify v1.7.1 h1:5TQK59W5E3v0r2duFAb7P95B6hEeOyEnHRa8MjYSMTY=
github.com/stretchr/testify v1.7.1/go.mod h1:6Fq8oRcR53rry900zMqJjRRixrwX3KX962/h/Wwjteg=
github.com/stretchr/testify v1.8.0/go.mod h1:yNjHg4UonilssWZ8iaSj1OCr/vHnekPRkoO+kdMU+MU=
github.com/stretchr/testify v1.8.4 h1:CcVxjf3Q8PM0mHUKJCdn+eZZtm5yQwehR5yeSVQQcUk=
github.com/stretchr/testify v1.8.4/go.mod h1:sz/lmYIOXD/1dqDmKjjqLyZ2RngseejIcXlSw2iwfAo=
github.com/urfave/cli/v2 v2.2.0/go.mod h1:SE9GqnLQmjVa0iPEY0f1w3ygNIYcIJ0OKPMoW2caLfQ=
golang.org/x/xerrors v0.0.0-20191204190536-9bdfabe68543/go.mod h1:I/5z698sn9Ka8TeJc9MKroUUfqBBauWjQqLJ2OPfmY0=
gopkg.in/check.v1 v0.0.0-20161208181325-20d25e280405/go.mod h1:Co6ibVJAznAaIkqp8huTwlJQCZ016jof/cbN4VW5Yz0=
gopkg.in/yaml.v2 v2.2.2/go.mod h1:hI93XBmqTisBFMUTm0b8Fm+jr3Dg1NNxqwp+5A1VGuI=
gopkg.in/yaml.v2 v2.2.8/go.mod h1:hI93XBmqTisBFMUTm0b8Fm+jr3Dg1NNxqwp+5A1VGuI=
gopkg.in/yaml.v2 v2.4.0 h1:D8xgwECY7CYvx+Y2n4sBz93Jn9JRvxdiyyo8CTfuKaY=
gopkg.in/yaml.v2 v2.4.0/go.mod h1:RDklbk79AGWmwhnvt/jBztapEOGDOx6ZbXqjP6csGnQ=
gopkg.in/yaml.v3 v3.0.0-20200313102051-9f266ea9e77c/go.mod h1:K4uyk7z7BCEPqu6E+C64Yfv1cQ7kz7rIZviUmN+EgEM=
gopkg.in/yaml.v3 v3.0.0-20200615113413-eeeca48fe776/go.mod h1:K4uyk7z7BCEPqu6E+C64Yfv1cQ7kz7rIZviUmN+EgEM=
gopkg.in/yaml.v3 v3.0.1 h1:fxVm/GzAzEWqLHuvctI91KS9hhNmmWOoWu0XTYJS7CA=
gopkg.in/yaml.v3 v3.0.1/go.mod h1:K4uyk7z7BCEPqu6E+C64Yfv1cQ7kz7rIZviUmN+EgEM=
