github.com/BurntSushi/toml v0.3.1/go.mod h1:xHWCNGjB5oqiDr8zfno3MHue2Ht5sIBksp03qcyfWMU=
github.com/aws/aws-lambda-go v1.28.0 h1:fZiik1PZqW2IyAN4rj+Y0UBaO1IDFlsNo9Zz/XnArK4=
github.com/aws/aws-lambda-go v1.28.0/go.mod h1:jJmlefzPfGnckuHdXX7/80O3BvUUi12XOkbv4w9SGLU=
github.com/aws/aws-sdk-go-v2 v1.13.0/go.mod h1:L6+ZpqHaLbAaxsqV0L4cvxZY7QupWJB4fhkf8LXvC7w=
github.com/aws/aws-sdk-go-v2 v1.16.1/go.mod h1:ytwTPBG6fXTZLxxeeCCWj2/EMYp/xDUgX+OET6TLNNU=
github.com/aws/aws-sdk-go-v2 v1.16.4/go.mod h1:ytwTPBG6fXTZLxxeeCCWj2/EMYp/xDUgX+OET6TLNNU=
github.com/aws/aws-sdk-go-v2 v1.16.7/go.mod h1:6CpKuLXg2w7If3ABZCl/qZ6rEgwtjZTn4eAf4RcEyuw=
github.com/aws/aws-sdk-go-v2 v1.21.0 h1:gMT0IW+03wtYJhRqTVYn0wLzwdnK9sRMcxmtfGzRdJc=
github.com/aws/aws-sdk-go-v2 v1.21.0/go.mod h1:/RfNgGmRxI+iFOB1OeJUyxiU+9s88k3pfHvDagGEp0M=
github.com/aws/aws-sdk-go-v2 v1.21.2 h1:+LXZ0sgo8quN9UOKXXzAWRT3FWd4NxeXWOZom9pE7GA=
github.com/aws/aws-sdk-go-v2 v1.21.2/go.mod h1:ErQhvNuEMhJjweavOYhxVkn2RUx7kQXVATHrjKtxIpM=
github.com/aws/aws-sdk-go-v2/aws/protocol/eventstream v1.2.0 h1:scBthy70MB3m4LCMFaBcmYCyR2XWOz6MxSfdSu/+fQo=
github.com/aws/aws-sdk-go-v2/aws/protocol/eventstream v1.2.0/go.mod h1:oZHzg1OVbuCiRTY0oRPM+c2HQvwnFCGJwKeSqqAJ/yM=
github.com/aws/aws-sdk-go-v2/config v1.15.8 h1:Mk9aPT1JiPkhZO9PIP1w2ramuRw95d9w5YNOM3poTKk=
github.com/aws/aws-sdk-go-v2/config v1.15.8/go.mod h1:Z/guryqWzLw1T3pJbFA0/V3aVXw0sX5oH4lXXiD67aY=
github.com/aws/aws-sdk-go-v2/credentials v1.12.3 h1:1kPx2lGjvopx7IMqKFmqmhqcuDZQ7pvq9xNXPP5c6qo=
github.com/aws/aws-sdk-go-v2/credentials v1.12.3/go.mod h1:p6/NGiaGKKM3ihOt/W08Ikz7/F95WhvgjA4x6MWKdS8=
github.com/aws/aws-sdk-go-v2/feature/dynamodb/attributevalue v1.9.6 h1:vlEfSyZ2pZjOZe7zsPIAFem17w2HeeFULk7TPVWoDR4=
github.com/aws/aws-sdk-go-v2/feature/dynamodb/attributevalue v1.9.6/go.mod h1:+/KXTIzLmrjdlQVgiE14/jhy9GyDZnmMGQoykod99Lw=
github.com/aws/aws-sdk-go-v2/feature/ec2/imds v1.12.5 h1:YPxclBeE07HsLQE8vtjC8T2emcTjM9nzqsnDi2fv5UM=
github.com/aws/aws-sdk-go-v2/feature/ec2/imds v1.12.5/go.mod h1:WAPnuhG5IQ/i6DETFl5NmX3kKqCzw7aau9NHAGcm4QE=
github.com/aws/aws-sdk-go-v2/internal/configsources v1.1.4/go.mod h1:XHgQ7Hz2WY2GAn//UXHofLfPXWh+s62MbMOijrg12Lw=
github.com/aws/aws-sdk-go-v2/internal/configsources v1.1.8/go.mod h1:LnTQMTqbKsbtt+UI5+wPsB7jedW+2ZgozoPG8k6cMxg=
github.com/aws/aws-sdk-go-v2/internal/configsources v1.1.11/go.mod h1:tmUB6jakq5DFNcXsXOA/ZQ7/C8VnSKYkx58OI7Fh79g=
github.com/aws/aws-sdk-go-v2/internal/configsources v1.1.14/go.mod h1:kdjrMwHwrC3+FsKhNcCMJ7tUVj/8uSD5CZXeQ4wV6fM=
github.com/aws/aws-sdk-go-v2/internal/configsources v1.1.41 h1:22dGT7PneFMx4+b3pz7lMTRyN8ZKH7M2cW4GP9yUS2g=
github.com/aws/aws-sdk-go-v2/internal/configsources v1.1.41/go.mod h1:CrObHAuPneJBlfEJ5T3szXOUkLEThaGfvnhTf33buas=
github.com/aws/aws-sdk-go-v2/internal/configsources v1.1.43 h1:nFBQlGtkbPzp/NjZLuFxRqmT91rLJkgvsEQs68h962Y=
github.com/aws/aws-sdk-go-v2/internal/configsources v1.1.43/go.mod h1:auo+PiyLl0n1l8A0e8RIeR8tOzYPfZZH/JNlrJ8igTQ=
github.com/aws/aws-sdk-go-v2/internal/endpoints/v2 v2.2.0/go.mod h1:BsCSJHx5DnDXIrOcqB8KN1/B+hXLG/bi4Y6Vjcx/x9E=
github.com/aws/aws-sdk-go-v2/internal/endpoints/v2 v2.4.2/go.mod h1:1x4ZP3Z8odssdhuLI+/1Tqw6Pt/VAaP4Tr8EUxHvPXE=
github.com/aws/aws-sdk-go-v2/internal/endpoints/v2 v2.4.5/go.mod h1:fV1AaS2gFc1tM0RCb015FJ0pvWVUfJZANzjwoO4YakM=
github.com/aws/aws-sdk-go-v2/internal/endpoints/v2 v2.4.8/go.mod h1:ZIV8GYoC6WLBW5KGs+o4rsc65/ozd+eQ0L31XF5VDwk=
github.com/aws/aws-sdk-go-v2/internal/endpoints/v2 v2.4.35 h1:SijA0mgjV8E+8G45ltVHs0fvKpTj8xmZJ3VwhGKtUSI=
github.com/aws/aws-sdk-go-v2/internal/endpoints/v2 v2.4.35/go.mod h1:SJC1nEVVva1g3pHAIdCp7QsRIkMmLAgoDquQ9Rr8kYw=
github.com/aws/aws-sdk-go-v2/internal/endpoints/v2 v2.4.37 h1:JRVhO25+r3ar2mKGP7E0LDl8K9/G36gjlqca5iQbaqc=
github.com/aws/aws-sdk-go-v2/internal/endpoints/v2 v2.4.37/go.mod h1:Qe+2KtKml+FEsQF/DHmDV+xjtche/hwoF75EG4UlHW8=
github.com/aws/aws-sdk-go-v2/internal/ini v1.3.12 h1:j0VqrjtgsY1Bx27tD0ysay36/K4kFMWRp9K3ieO9nLU=
github.com/aws/aws-sdk-go-v2/internal/ini v1.3.12/go.mod h1:00c7+ALdPh4YeEUPXJzyU0Yy01nPGOq2+9rUaz05z9g=
github.com/aws/aws-sdk-go-v2/service/cloudformation v1.35.0 h1:2wmiMFK1XlNNvc3xDosz2nKotsWac99jJqbYm92gMVc=
github.com/aws/aws-sdk-go-v2/service/cloudformation v1.35.0/go.mod h1:EV06EPuSb3m40bD1suX/QSj3o161aG/6Wwbodk2vqzA=
github.com/aws/aws-sdk-go-v2/service/dynamodb v1.15.9 h1:QTPDno4J5TyfpPi3dqCZpD+y7wbHtHhUQwnNGUHUGvg=
github.com/aws/aws-sdk-go-v2/service/dynamodb v1.15.9/go.mod h1:Req/32OLRbXpPX5TxHkwf2Ln9qclJCV6n1S7v0v+FWo=
github.com/aws/aws-sdk-go-v2/service/dynamodbstreams v1.13.9 h1:5wt4xEuHFV6ymSb19N0+T9iPYs9TqzHW2Sz4p3bKAlA=
github.com/aws/aws-sdk-go-v2/service/dynamodbstreams v1.13.9/go.mod h1:Meb0gqL2SgBbh3xHtcak5GPJDZ1QGwRcGPEo7w1G2vg=
github.com/aws/aws-sdk-go-v2/service/internal/accept-encoding v1.7.0/go.mod h1:8ctElVINyp+SjhoZZceUAZw78glZH6R8ox5MVNu5j2s=
github.com/aws/aws-sdk-go-v2/service/internal/accept-encoding v1.9.3 h1:4n4KCtv5SUoT5Er5XV41huuzrCqepxlW3SDI9qHQebc=
github.com/aws/aws-sdk-go-v2/service/internal/accept-encoding v1.9.3/go.mod h1:gkb2qADY+OHaGLKNTYxMaQNacfeyQpZ4csDTQMeFmcw=
github.com/aws/aws-sdk-go-v2/service/internal/endpoint-discovery v1.7.8 h1:x4I8/XPnHOV+1BzZfaqRb8QfrY6AK7bKmEbHVwyctXo=
github.com/aws/aws-sdk-go-v2/service/internal/endpoint-discovery v1.7.8/go.mod h1:xfchFk5f70DzZZaH/QYaqMLF+PDH/fg7gGbkIeeaMJM=
github.com/aws/aws-sdk-go-v2/service/internal/presigned-url v1.7.0/go.mod h1:K/qPe6AP2TGYv4l6n7c88zh9jWBDf6nHhvg1fx/EWfU=
github.com/aws/aws-sdk-go-v2/service/internal/presigned-url v1.9.5 h1:gRW1ZisKc93EWEORNJRvy/ZydF3o6xLSveJHdi1Oa0U=
github.com/aws/aws-sdk-go-v2/service/internal/presigned-url v1.9.5/go.mod h1:ZbkttHXaVn3bBo/wpJbQGiiIWR90eTBUVBrEHUEQlho=
github.com/aws/aws-sdk-go-v2/service/internal/s3shared v1.11.0 h1:XAe+PDnaBELHr25qaJKfB415V4CKFWE8H+prUreql8k=
github.com/aws/aws-sdk-go-v2/service/internal/s3shared v1.11.0/go.mod h1:RMlgnt1LbOT2BxJ3cdw+qVz7KL84714LFkWtF6sLI7A=
github.com/aws/aws-sdk-go-v2/service/lambda v1.21.0 h1:sMBIamQ9cVrN85Ry6jnzJaoCaQaC7iySTWyxW5I4mBk=
github.com/aws/aws-sdk-go-v2/service/lambda v1.21.0/go.mod h1:j5eKuYN5Exb7a2GNV+DZQ+4vCSPtA1V1dMPiptBZ9Co=
github.com/aws/aws-sdk-go-v2/service/s3 v1.24.1 h1:zAU2P99CLTz8kUGl+IptU2ycAXuMaLAvgIv+UH4U8pY=
github.com/aws/aws-sdk-go-v2/service/s3 v1.24.1/go.mod h1:oIUXg/5F0x0gy6nkwEnlxZboueddwPEKO6Xl+U6/3a0=
github.com/aws/aws-sdk-go-v2/service/sns v1.21.5 h1:KI6xffjUcP3KgpJEtKefQL8B7AXFqyAXkVw8SyvT/o8=
github.com/aws/aws-sdk-go-v2/service/sns v1.21.5/go.mod h1:eEjNDG7Y1BH7Ci9qKVH2L02se84z5GPCqXKcqEUpnXg=
github.com/aws/aws-sdk-go-v2/service/sqs v1.16.0 h1:dzWS4r8E9bA0TesHM40FSAtedwpTVCuTsLI8EziSqyk=
github.com/aws/aws-sdk-go-v2/service/sqs v1.16.0/go.mod h1:IBTQMG8mtyj37OWg7vIXcg714Ntcb/LlYou/rZpvV1k=
github.com/aws/aws-sdk-go-v2/service/sqs v1.24.7 h1:NZhGz9eHNTLPK9Bhq3wrRSUIu9BqcjWzC8UNK6MwUfI=
github.com/aws/aws-sdk-go-v2/service/sqs v1.24.7/go.mod h1:iWb2iGUERRXX3kEyKVtkjuMOW2YkDBcuhKCp5y37ys0=
github.com/aws/aws-sdk-go-v2/service/sso v1.11.6 h1:AnTIdD439WgYNyVldYlpccGWY2EIXoUNmVzTDbFqCsg=
github.com/aws/aws-sdk-go-v2/service/sso v1.11.6/go.mod h1:TFVe6Rr2joVLsYQ1ABACXgOC6lXip/qpX2x5jWg/A9w=
github.com/aws/aws-sdk-go-v2/service/sts v1.16.6 h1:aYToU0/iazkMY67/BYLt3r6/LT/mUtarLAF5mGof1Kg=
github.com/aws/aws-sdk-go-v2/service/sts v1.16.6/go.mod h1:rP1rEOKAGZoXp4iGDxSXFvODAtXpm34Egf0lL0eshaQ=
github.com/aws/smithy-go v1.10.0/go.mod h1:SObp3lf9smib00L/v3U2eAKG8FyQ7iLrJnQiAmR5n+E=
github.com/aws/smithy-go v1.11.2/go.mod h1:3xHYmszWVx2c0kIwQeEVf9uSm4fYZt67FBJnwub1bgM=
github.com/aws/smithy-go v1.12.0/go.mod h1:Tg+OJXh4MB2R/uN61Ko2f6hTZwB/ZYGOtib8J3gBHzA=
github.com/aws/smithy-go v1.14.2 h1:MJU9hqBGbvWZdApzpvoF2WAIJDbtjK2NDJSiJP7HblQ=
github.com/aws/smithy-go v1.14.2/go.mod h1:Tg+OJXh4MB2R/uN61Ko2f6hTZwB/ZYGOtib8J3gBHzA=
github.com/aws/smithy-go v1.15.0 h1:PS/durmlzvAFpQHDs4wi4sNNP9ExsqZh6IlfdHXgKK8=
github.com/aws/smithy-go v1.15.0/go.mod h1:Tg+OJXh4MB2R/uN61Ko2f6hTZwB/ZYGOtib8J3gBHzA=
github.com/cpuguy83/go-md2man/v2 v2.0.0-20190314233015-f79a8a8ca69d/go.mod h1:maD7wRr/U5Z6m/iR4s+kqSMx2CaBsrgA7czyZG/E6dU=
github.com/cpuguy83/go-md2man/v2 v2.0.0/go.mod h1:maD7wRr/U5Z6m/iR4s+kqSMx2CaBsrgA7czyZG/E6dU=
github.com/davecgh/go-spew v1.1.0/go.mod h1:J7Y8YcW2NihsgmVo/mv3lAwl/skON4iLHjSsI+c5H38=
github.com/davecgh/go-spew v1.1.1 h1:vj9j/u1bqnvCEfJOwUhtlOARqs3+rkHYY13jYWTU97c=
github.com/davecgh/go-spew v1.1.1/go.mod h1:J7Y8YcW2NihsgmVo/mv3lAwl/skON4iLHjSsI+c5H38=
github.com/google/go-cmp v0.5.4/go.mod h1:v8dTdLbMG2kIc/vJvl+f65V22dbkXbowE6jgT/gNBxE=
github.com/google/go-cmp v0.5.6/go.mod h1:v8dTdLbMG2kIc/vJvl+f65V22dbkXbowE6jgT/gNBxE=
github.com/google/go-cmp v0.5.7/go.mod h1:n+brtR0CgQNWTVd5ZUFpTBC8YFBDLK/h/bpaJ8/DtOE=
github.com/google/go-cmp v0.5.8 h1:e6P7q2lk1O+qJJb4BtCQXlK8vWEO8V1ZeuEdJNOqZyg=
github.com/google/go-cmp v0.5.8/go.mod h1:17dUlkBOakJ0+DkrSSNjCkIjxS6bF9zb3elmeNGIjoY=
github.com/jmespath/go-jmespath v0.4.0 h1:BEgLn5cpjn8UN1mAw4NjwDrS35OdebyEtFe+9YPoQUg=
github.com/jmespath/go-jmespath v0.4.0/go.mod h1:T8mJZnbsbmF+m6zOOFylbeCJqk5+pHWvzYPziyZiYoo=
github.com/jmespath/go-jmespath/internal/testify v1.5.1 h1:shLQSRRSCCPj3f2gpwzGwWFoC7ycTf1rcQZHOlsJ6N8=
github.com/jmespath/go-jmespath/internal/testify v1.5.1/go.mod h1:L3OGu8Wl2/fWfCI6z80xFu9LTZmf1ZRjMHUOPmWr69U=
github.com/pmezard/go-difflib v1.0.0 h1:4DBwDE0NGyQoBHbLQYPwSUPoCMWR5BEzIk/f1lZbAQM=
github.com/pmezard/go-difflib v1.0.0/go.mod h1:iKH77koFhYxTK1pcRnkKkqfTogsbg7gZNVY4sRDYZ/4=
github.com/russross/blackfriday/v2 v2.0.1/go.mod h1:+Rmxgy9KzJVeS9/2gXHxylqXiyQDYRxCVz55jmeOWTM=
github.com/shurcooL/sanitized_anchor_name v1.0.0/go.mod h1:1NzhyTcUVG4SuEtjjoZeVRXNmyL/1OwPU0+IJeTBvfc=
github.com/stretchr/objx v0.1.0/go.mod h1:HFkY916IF+rwdDfMAkV7OtwuqBVzrE8GR6GFx+wExME=
github.com/stretchr/testify v1.6.1 h1:hDPOHmpOpP40lSULcqw7IrRb/u7w6RpDC9399XyoNd0=
github.com/stretchr/testify v1.6.1/go.mod h1:6Fq8oRcR53rry900zMqJjRRixrwX3KX962/h/Wwjteg=
github.com/urfave/cli/v2 v2.2.0/go.mod h1:SE9GqnLQmjVa0iPEY0f1w3ygNIYcIJ0OKPMoW2caLfQ=
golang.org/x/xerrors v0.0.0-20191204190536-9bdfabe68543/go.mod h1:I/5z698sn9Ka8TeJc9MKroUUfqBBauWjQqLJ2OPfmY0=
gopkg.in/check.v1 v0.0.0-20161208181325-20d25e280405/go.mod h1:Co6ibVJAznAaIkqp8huTwlJQCZ016jof/cbN4VW5Yz0=
gopkg.in/yaml.v2 v2.2.2/go.mod h1:hI93XBmqTisBFMUTm0b8Fm+jr3Dg1NNxqwp+5A1VGuI=
gopkg.in/yaml.v2 v2.2.8/go.mod h1:hI93XBmqTisBFMUTm0b8Fm+jr3Dg1NNxqwp+5A1VGuI=
gopkg.in/yaml.v2 v2.4.0 h1:D8xgwECY7CYvx+Y2n4sBz93Jn9JRvxdiyyo8CTfuKaY=
gopkg.in/yaml.v2 v2.4.0/go.mod h1:RDklbk79AGWmwhnvt/jBztapEOGDOx6ZbXqjP6csGnQ=
gopkg.in/yaml.v3 v3.0.0-20200313102051-9f266ea9e77c/go.mod h1:K4uyk7z7BCEPqu6E+C64Yfv1cQ7kz7rIZviUmN+EgEM=
gopkg.in/yaml.v3 v3.0.0-20200615113413-eeeca48fe776 h1:tQIYjPdBoyREyB9XMu+nnTclpTYkz2zFM+lzLJFO4gQ=
gopkg.in/yaml.v3 v3.0.0-20200615113413-eeeca48fe776/go.mod h1:K4uyk7z7BCEPqu6E+C64Yfv1cQ7kz7rIZviUmN+EgEM=
